dependencies:
- name: postgresql
  repository: https://charts.bitnami.com/bitnami
  version: 15.5.24
- name: mongodb
  repository: https://charts.bitnami.com/bitnami
  version: 16.0.3
digest: sha256:44bee34777a6fa75714e5d489977b9389d6e9ce1ff18e9c0dc6555a908b610b4
generated: "2024-10-21T01:04:29.0084615-06:00"
